{
  "name": "Learn_Scotland",
  "lockfileVersion": 2,
  "requires": true,
  "packages": {
    "": {
      "dependencies": {
        "styled": "^1.0.0"
      }
    },
    "node_modules/styled": {
      "version": "1.0.0",
      "resolved": "https://registry.npmjs.org/styled/-/styled-1.0.0.tgz",
      "integrity": "sha512-mPbinkDY7K//Jxi7hZBNSiUF3Q9LE8NHrlUuQXLHCFZcVJeSXQh/Kn4C7lWf8Obre3iyYHo0OqA3WptZrwST/A=="
    }
  },
  "dependencies": {
    "styled": {
      "version": "1.0.0",
      "resolved": "https://registry.npmjs.org/styled/-/styled-1.0.0.tgz",
      "integrity": "sha512-mPbinkDY7K//Jxi7hZBNSiUF3Q9LE8NHrlUuQXLHCFZcVJeSXQh/Kn4C7lWf8Obre3iyYHo0OqA3WptZrwST/A=="
    }
  }
}
